
Microsoft Visual Studio Solution File, Format Version 12.00
# Visual Studio Version 17
VisualStudioVersion = 17.3.32922.545
MinimumVisualStudioVersion = 10.0.40219.1
Project("{FAE04EC0-301F-11D3-BF4B-00C04F79EFBC}") = "ProjWeb31102022", "ProjWeb31102022\ProjWeb31102022.csproj", "{BBFBFE5D-4071-413D-9E4A-AEBA87DC1142}"
EndProject
Global
	GlobalSection(SolutionConfigurationPlatforms) = preSolution
		Debug|Any CPU = Debug|Any CPU
		Release|Any CPU = Release|Any CPU
	EndGlobalSection
	GlobalSection(ProjectConfigurationPlatforms) = postSolution
		{BBFBFE5D-4071-413D-9E4A-AEBA87DC1142}.Debug|Any CPU.ActiveCfg = Debug|Any CPU
		{BBFBFE5D-4071-413D-9E4A-AEBA87DC1142}.Debug|Any CPU.Build.0 = Debug|Any CPU
		{BBFBFE5D-4071-413D-9E4A-AEBA87DC1142}.Release|Any CPU.ActiveCfg = Release|Any CPU
		{BBFBFE5D-4071-413D-9E4A-AEBA87DC1142}.Release|Any CPU.Build.0 = Release|Any CPU
	EndGlobalSection
	GlobalSection(SolutionProperties) = preSolution
		HideSolutionNode = FALSE
	EndGlobalSection
	GlobalSection(ExtensibilityGlobals) = postSolution
		SolutionGuid = {A6C73A6D-B361-4EE2-AFD9-8B3E523C77F9}
	EndGlobalSection
EndGlobal
